
Microsoft Visual Studio Solution File, Format Version 12.00
# Visual Studio Version 17
VisualStudioVersion = 17.5.33414.496
MinimumVisualStudioVersion = 10.0.40219.1
Project("{9A19103F-16F7-4668-BE54-9A1E7A4F7556}") = "WebTruss.Exceptions", "WebTruss.Exception\WebTruss.Exceptions.csproj", "{DE6EB917-446A-49CB-BA62-E83BE391C9EC}"
EndProject
Project("{9A19103F-16F7-4668-BE54-9A1E7A4F7556}") = "WebTruss.Response", "WebTruss.Response\WebTruss.Response.csproj", "{D0A9288B-FDB9-43D6-A529-456D704C636B}"
EndProject
Project("{9A19103F-16F7-4668-BE54-9A1E7A4F7556}") = "WebTruss.Validation", "WebTruss.Validation\WebTruss.Validation.csproj", "{2AD9C55A-BED5-42CA-B455-08B837F46265}"
EndProject
Project("{FAE04EC0-301F-11D3-BF4B-00C04F79EFBC}") = "WebTruss.UlidExtensions", "WebTruss.Ulid.Extensions\WebTruss.UlidExtensions.csproj", "{2E20E47B-9FBE-44CA-8718-7D808AD32C5A}"
EndProject
Project("{FAE04EC0-301F-11D3-BF4B-00C04F79EFBC}") = "WebTruss.UlidExtensions.Tests", "WebTruss.UlidExtensions.Tests\WebTruss.UlidExtensions.Tests.csproj", "{374FC2E0-F6D2-4584-A5C3-D59D2CB3FB71}"
EndProject
Project("{2150E333-8FDC-42A3-9474-1A3956D46DE8}") = "Tests", "Tests", "{EE0F0F55-2487-42BB-8080-E463B351D4F3}"
EndProject
Global
	GlobalSection(SolutionConfigurationPlatforms) = preSolution
		Debug|Any CPU = Debug|Any CPU
		Release|Any CPU = Release|Any CPU
	EndGlobalSection
	GlobalSection(ProjectConfigurationPlatforms) = postSolution
		{DE6EB917-446A-49CB-BA62-E83BE391C9EC}.Debug|Any CPU.ActiveCfg = Debug|Any CPU
		{DE6EB917-446A-49CB-BA62-E83BE391C9EC}.Debug|Any CPU.Build.0 = Debug|Any CPU
		{DE6EB917-446A-49CB-BA62-E83BE391C9EC}.Release|Any CPU.ActiveCfg = Release|Any CPU
		{DE6EB917-446A-49CB-BA62-E83BE391C9EC}.Release|Any CPU.Build.0 = Release|Any CPU
		{D0A9288B-FDB9-43D6-A529-456D704C636B}.Debug|Any CPU.ActiveCfg = Debug|Any CPU
		{D0A9288B-FDB9-43D6-A529-456D704C636B}.Debug|Any CPU.Build.0 = Debug|Any CPU
		{D0A9288B-FDB9-43D6-A529-456D704C636B}.Release|Any CPU.ActiveCfg = Release|Any CPU
		{D0A9288B-FDB9-43D6-A529-456D704C636B}.Release|Any CPU.Build.0 = Release|Any CPU
		{2AD9C55A-BED5-42CA-B455-08B837F46265}.Debug|Any CPU.ActiveCfg = Debug|Any CPU
		{2AD9C55A-BED5-42CA-B455-08B837F46265}.Debug|Any CPU.Build.0 = Debug|Any CPU
		{2AD9C55A-BED5-42CA-B455-08B837F46265}.Release|Any CPU.ActiveCfg = Release|Any CPU
		{2AD9C55A-BED5-42CA-B455-08B837F46265}.Release|Any CPU.Build.0 = Release|Any CPU
		{2E20E47B-9FBE-44CA-8718-7D808AD32C5A}.Debug|Any CPU.ActiveCfg = Debug|Any CPU
		{2E20E47B-9FBE-44CA-8718-7D808AD32C5A}.Debug|Any CPU.Build.0 = Debug|Any CPU
		{2E20E47B-9FBE-44CA-8718-7D808AD32C5A}.Release|Any CPU.ActiveCfg = Release|Any CPU
		{2E20E47B-9FBE-44CA-8718-7D808AD32C5A}.Release|Any CPU.Build.0 = Release|Any CPU
		{374FC2E0-F6D2-4584-A5C3-D59D2CB3FB71}.Debug|Any CPU.ActiveCfg = Debug|Any CPU
		{374FC2E0-F6D2-4584-A5C3-D59D2CB3FB71}.Debug|Any CPU.Build.0 = Debug|Any CPU
		{374FC2E0-F6D2-4584-A5C3-D59D2CB3FB71}.Release|Any CPU.ActiveCfg = Release|Any CPU
		{374FC2E0-F6D2-4584-A5C3-D59D2CB3FB71}.Release|Any CPU.Build.0 = Release|Any CPU
	EndGlobalSection
	GlobalSection(SolutionProperties) = preSolution
		HideSolutionNode = FALSE
	EndGlobalSection
	GlobalSection(NestedProjects) = preSolution
		{374FC2E0-F6D2-4584-A5C3-D59D2CB3FB71} = {EE0F0F55-2487-42BB-8080-E463B351D4F3}
	EndGlobalSection
	GlobalSection(ExtensibilityGlobals) = postSolution
		SolutionGuid = {941B8888-6AF8-4FA3-B806-995C3A417440}
	EndGlobalSection
EndGlobal
